hash: 9d1802fa80d684697faf596be41eae20b21c2a21cd5ebf0f5c832ba8cea112d3
updated: 2018-12-06T15:15:53.518760017+08:00
imports:
- name: github.com/vishvananda/netlink
  version: 25298936a61ab979b733cf02358ffff22f57b23a
  subpackages:
  - nl
- name: github.com/vishvananda/netns
  version: 13995c7128ccc8e51e9a6bd2b551020a27180abd
- name: golang.org/x/sys
  version: 076b546753157f758b316e59bcb51e6807c04057
  subpackages:
  - unix
testImports: []
